# THIS IS AN AUTOGENERATED FILE. DO NOT EDIT THIS FILE DIRECTLY.
# yarn lockfile v1


postgres@^3.4.5:
  version "3.4.9"
  resolved "https://registry.yarnpkg.com/postgres/-/postgres-3.4.9.tgz#8e9a49cecb1b0e7d67a607f32a53ed54b3055271"
  integrity sha512-GD3qdB0x1z9xgFI6cdRD6xu2Sp2WCOEoe3mtnyB5Ee0XrrL5Pe+e4CCnJrRMnL1zYtRDZmQQVbvOttLnKDLnaw==
